PODS:
  - file_picker (0.0.1):
    - FlutterMacOS
  - file_selector_macos (0.0.1):
    - FlutterMacOS
  - FlutterMacOS (1.0.0)
  - path_provider_foundation (0.0.1):
    - Flutter
    - FlutterMacOS
  - rust_lib_flipedit (0.0.1):
    - FlutterMacOS
  - screen_retriever_macos (0.0.1):
    - FlutterMacOS
  - shared_preferences_foundation (0.0.1):
    - Flutter
    - FlutterMacOS
  - sqflite_darwin (0.0.4):
    - Flutter
    - FlutterMacOS
  - sqlite3 (3.49.1):
    - sqlite3/common (= 3.49.1)
  - sqlite3/common (3.49.1)
  - sqlite3/dbstatvtab (3.49.1):
    - sqlite3/common
  - sqlite3/fts5 (3.49.1):
    - sqlite3/common
  - sqlite3/math (3.49.1):
    - sqlite3/common
  - sqlite3/perf-threadsafe (3.49.1):
    - sqlite3/common
  - sqlite3/rtree (3.49.1):
    - sqlite3/common
  - sqlite3_flutter_libs (0.0.1):
    - Flutter
    - FlutterMacOS
    - sqlite3 (~> 3.49.1)
    - sqlite3/dbstatvtab
    - sqlite3/fts5
    - sqlite3/math
    - sqlite3/perf-threadsafe
    - sqlite3/rtree
  - store_checker (0.0.1):
    - FlutterMacOS
  - texture_rgba_renderer (0.0.1):
    - FlutterMacOS
  - url_launcher_macos (0.0.1):
    - FlutterMacOS
  - video_player_avfoundation (0.0.1):
    - Flutter
    - FlutterMacOS
  - window_manager (0.2.0):
    - FlutterMacOS

DEPENDENCIES:
  - file_picker (from `Flutter/ephemeral/.symlinks/plugins/file_picker/macos`)
  - file_selector_macos (from `Flutter/ephemeral/.symlinks/plugins/file_selector_macos/macos`)
  - FlutterMacOS (from `Flutter/ephemeral`)
  - path_provider_foundation (from `Flutter/ephemeral/.symlinks/plugins/path_provider_foundation/darwin`)
  - rust_lib_flipedit (from `Flutter/ephemeral/.symlinks/plugins/rust_lib_flipedit/macos`)
  - screen_retriever_macos (from `Flutter/ephemeral/.symlinks/plugins/screen_retriever_macos/macos`)
  - shared_preferences_foundation (from `Flutter/ephemeral/.symlinks/plugins/shared_preferences_foundation/darwin`)
  - sqflite_darwin (from `Flutter/ephemeral/.symlinks/plugins/sqflite_darwin/darwin`)
  - sqlite3_flutter_libs (from `Flutter/ephemeral/.symlinks/plugins/sqlite3_flutter_libs/darwin`)
  - store_checker (from `Flutter/ephemeral/.symlinks/plugins/store_checker/macos`)
  - texture_rgba_renderer (from `Flutter/ephemeral/.symlinks/plugins/texture_rgba_renderer/macos`)
  - url_launcher_macos (from `Flutter/ephemeral/.symlinks/plugins/url_launcher_macos/macos`)
  - video_player_avfoundation (from `Flutter/ephemeral/.symlinks/plugins/video_player_avfoundation/darwin`)
  - window_manager (from `Flutter/ephemeral/.symlinks/plugins/window_manager/macos`)

SPEC REPOS:
  trunk:
    - sqlite3

EXTERNAL SOURCES:
  file_picker:
    :path: Flutter/ephemeral/.symlinks/plugins/file_picker/macos
  file_selector_macos:
    :path: Flutter/ephemeral/.symlinks/plugins/file_selector_macos/macos
  FlutterMacOS:
    :path: Flutter/ephemeral
  path_provider_foundation:
    :path: Flutter/ephemeral/.symlinks/plugins/path_provider_foundation/darwin
  rust_lib_flipedit:
    :path: Flutter/ephemeral/.symlinks/plugins/rust_lib_flipedit/macos
  screen_retriever_macos:
    :path: Flutter/ephemeral/.symlinks/plugins/screen_retriever_macos/macos
  shared_preferences_foundation:
    :path: Flutter/ephemeral/.symlinks/plugins/shared_preferences_foundation/darwin
  sqflite_darwin:
    :path: Flutter/ephemeral/.symlinks/plugins/sqflite_darwin/darwin
  sqlite3_flutter_libs:
    :path: Flutter/ephemeral/.symlinks/plugins/sqlite3_flutter_libs/darwin
  store_checker:
    :path: Flutter/ephemeral/.symlinks/plugins/store_checker/macos
  texture_rgba_renderer:
    :path: Flutter/ephemeral/.symlinks/plugins/texture_rgba_renderer/macos
  url_launcher_macos:
    :path: Flutter/ephemeral/.symlinks/plugins/url_launcher_macos/macos
  video_player_avfoundation:
    :path: Flutter/ephemeral/.symlinks/plugins/video_player_avfoundation/darwin
  window_manager:
    :path: Flutter/ephemeral/.symlinks/plugins/window_manager/macos

SPEC CHECKSUMS:
  file_picker: e716a70a9fe5fd9e09ebc922d7541464289443af
  file_selector_macos: cc3858c981fe6889f364731200d6232dac1d812d
  FlutterMacOS: 8f6f14fa908a6fb3fba0cd85dbd81ec4b251fb24
  path_provider_foundation: 2b6b4c569c0fb62ec74538f866245ac84301af46
  rust_lib_flipedit: 603025e92fe730e3f49a654484bb41812f74c165
  screen_retriever_macos: 776e0fa5d42c6163d2bf772d22478df4b302b161
  shared_preferences_foundation: fcdcbc04712aee1108ac7fda236f363274528f78
  sqflite_darwin: 5a7236e3b501866c1c9befc6771dfd73ffb8702d
  sqlite3: fc1400008a9b3525f5914ed715a5d1af0b8f4983
  sqlite3_flutter_libs: 487032b9008b28de37c72a3aa66849ef3745f3e6
  store_checker: 387169de0dffe57b6370d54cc027e9f95051b57f
  texture_rgba_renderer: cbed959a3c127122194a364e14b8577bd62dc8f2
  url_launcher_macos: c82c93949963e55b228a30115bd219499a6fe404
  video_player_avfoundation: 7c6c11d8470e1675df7397027218274b6d2360b3
  window_manager: 3a1844359a6295ab1e47659b1a777e36773cd6e8

PODFILE CHECKSUM: 83c493776e796ff1f7045418a0799f83b55f1c21

COCOAPODS: 1.16.2
